// !$*UTF8*$!
{
	archiveVersion = 1;
	classes = {
	};
	objectVersion = 46;
	objects = {

/* Begin PBXBuildFile section */
		DC3332D41D6B95B300D32535 /* MoveNoteViewController.swift in Sources */ = {isa = PBXBuildFile; fileRef = DC3332D31D6B95B300D32535 /* MoveNoteViewController.swift */; };
		DC3332DB1D6BA5CB00D32535 /* NotebookTableViewCell.swift in Sources */ = {isa = PBXBuildFile; fileRef = DC3332D91D6BA5CB00D32535 /* NotebookTableViewCell.swift */; };
		DC3332DC1D6BA5CB00D32535 /* NotebookTableViewCell.xib in Resources */ = {isa = PBXBuildFile; fileRef = DC3332DA1D6BA5CB00D32535 /* NotebookTableViewCell.xib */; };
		DC3332E01D6BB04900D32535 /* Notebook.swift in Sources */ = {isa = PBXBuildFile; fileRef = DC3332DE1D6BB04900D32535 /* Notebook.swift */; };
		DC3332E31D6BBC7600D32535 /* AddNewNotebookTableViewCell.swift in Sources */ = {isa = PBXBuildFile; fileRef = DC3332E11D6BBC7600D32535 /* AddNewNotebookTableViewCell.swift */; };
		DC3332E41D6BBC7600D32535 /* AddNewNotebookTableViewCell.xib in Resources */ = {isa = PBXBuildFile; fileRef = DC3332E21D6BBC7600D32535 /* AddNewNotebookTableViewCell.xib */; };
		DC3332EF1D6CFB9C00D32535 /* Note.swift in Sources */ = {isa = PBXBuildFile; fileRef = DC3332EC1D6CFB9C00D32535 /* Note.swift */; };
		DC3332F01D6CFB9C00D32535 /* Notebook+CoreDataProperties.swift in Sources */ = {isa = PBXBuildFile; fileRef = DC3332ED1D6CFB9C00D32535 /* Notebook+CoreDataProperties.swift */; };
		DC3332F21D6D10BE00D32535 /* Note+CoreDataProperties.swift in Sources */ = {isa = PBXBuildFile; fileRef = DC3332F11D6D10BE00D32535 /* Note+CoreDataProperties.swift */; };
		DC6ED94A1D401FFD00AEFECB /* AppDelegate.swift in Sources */ = {isa = PBXBuildFile; fileRef = DC6ED9491D401FFD00AEFECB /* AppDelegate.swift */; };
		DC6ED94F1D401FFD00AEFECB /* Main.storyboard in Resources */ = {isa = PBXBuildFile; fileRef = DC6ED94D1D401FFD00AEFECB /* Main.storyboard */; };
		DC6ED9521D401FFD00AEFECB /* DailyNotes.xcdatamodeld in Sources */ = {isa = PBXBuildFile; fileRef = DC6ED9501D401FFD00AEFECB /* DailyNotes.xcdatamodeld */; };
		DC6ED9541D401FFD00AEFECB /* Assets.xcassets in Resources */ = {isa = PBXBuildFile; fileRef = DC6ED9531D401FFD00AEFECB /* Assets.xcassets */; };
		DC6ED9571D401FFD00AEFECB /* LaunchScreen.storyboard in Resources */ = {isa = PBXBuildFile; fileRef = DC6ED9551D401FFD00AEFECB /* LaunchScreen.storyboard */; };
		DC6ED9621D401FFD00AEFECB /* DailyNotesTests.swift in Sources */ = {isa = PBXBuildFile; fileRef = DC6ED9611D401FFD00AEFECB /* DailyNotesTests.swift */; };
		DC6ED96D1D401FFD00AEFECB /* DailyNotesUITests.swift in Sources */ = {isa = PBXBuildFile; fileRef = DC6ED96C1D401FFD00AEFECB /* DailyNotesUITests.swift */; };
		DC6ED9811D40296C00AEFECB /* Constant.swift in Sources */ = {isa = PBXBuildFile; fileRef = DC6ED9801D40296C00AEFECB /* Constant.swift */; };
		DC6ED9841D4029E500AEFECB /* RootViewController.swift in Sources */ = {isa = PBXBuildFile; fileRef = DC6ED9831D4029E500AEFECB /* RootViewController.swift */; };
		DC6ED9861D402C6F00AEFECB /* RootButton.swift in Sources */ = {isa = PBXBuildFile; fileRef = DC6ED9851D402C6F00AEFECB /* RootButton.swift */; };
		DC6ED9881D40386100AEFECB /* RootNavigationBar.swift in Sources */ = {isa = PBXBuildFile; fileRef = DC6ED9871D40386100AEFECB /* RootNavigationBar.swift */; };
		DC8220B31D5145D100FF1FC4 /* DetailPhotosViewController.swift in Sources */ = {isa = PBXBuildFile; fileRef = DC8220B21D5145D100FF1FC4 /* DetailPhotosViewController.swift */; };
		DC8220B51D514D3300FF1FC4 /* DetailPhotosCollectionLayout.swift in Sources */ = {isa = PBXBuildFile; fileRef = DC8220B41D514D3300FF1FC4 /* DetailPhotosCollectionLayout.swift */; };
		DC8220C11D527CA900FF1FC4 /* PhotoCollectionViewCell.swift in Sources */ = {isa = PBXBuildFile; fileRef = DC8220C01D527CA900FF1FC4 /* PhotoCollectionViewCell.swift */; };
		DC8220C41D528B0F00FF1FC4 /* DetailCollectionViewCell.swift in Sources */ = {isa = PBXBuildFile; fileRef = DC8220C21D528B0F00FF1FC4 /* DetailCollectionViewCell.swift */; };
		DC8220C51D528B0F00FF1FC4 /* DetailCollectionViewCell.xib in Resources */ = {isa = PBXBuildFile; fileRef = DC8220C31D528B0F00FF1FC4 /* DetailCollectionViewCell.xib */; };
		DC8220C81D53E19900FF1FC4 /* ZZPlaceholderTextView.swift in Sources */ = {isa = PBXBuildFile; fileRef = DC8220C71D53E19900FF1FC4 /* ZZPlaceholderTextView.swift */; };
		DC82211F1D62486200FF1FC4 /* NotificationCenter.framework in Frameworks */ = {isa = PBXBuildFile; fileRef = DC8220CF1D53F6F300FF1FC4 /* NotificationCenter.framework */; };
		DC8221221D62486200FF1FC4 /* TodayViewController.swift in Sources */ = {isa = PBXBuildFile; fileRef = DC8221211D62486200FF1FC4 /* TodayViewController.swift */; };
		DC8221251D62486200FF1FC4 /* MainInterface.storyboard in Resources */ = {isa = PBXBuildFile; fileRef = DC8221231D62486200FF1FC4 /* MainInterface.storyboard */; };
		DC8221291D62486200FF1FC4 /* DailyNotesExtension.appex in Embed App Extensions */ = {isa = PBXBuildFile; fileRef = DC82211E1D62486200FF1FC4 /* DailyNotesExtension.appex */; settings = {ATTRIBUTES = (RemoveHeadersOnCopy, ); }; };
		DC8221321D625F9100FF1FC4 /* ReminderTableViewCell.swift in Sources */ = {isa = PBXBuildFile; fileRef = DC8221301D625F9100FF1FC4 /* ReminderTableViewCell.swift */; };
		DC8221331D625F9100FF1FC4 /* ReminderTableViewCell.xib in Resources */ = {isa = PBXBuildFile; fileRef = DC8221311D625F9100FF1FC4 /* ReminderTableViewCell.xib */; };
		DC8221351D62668800FF1FC4 /* ReminderButton.swift in Sources */ = {isa = PBXBuildFile; fileRef = DC8221341D62668800FF1FC4 /* ReminderButton.swift */; };
		DC8B9AA51D4803A3009DB76B /* Extensions.swift in Sources */ = {isa = PBXBuildFile; fileRef = DC8B9AA41D4803A3009DB76B /* Extensions.swift */; };
		DC8B9AA71D48151A009DB76B /* FontSettingButton.swift in Sources */ = {isa = PBXBuildFile; fileRef = DC8B9AA61D48151A009DB76B /* FontSettingButton.swift */; };
		DC8B9AA91D481F64009DB76B /* NewNoteButton.swift in Sources */ = {isa = PBXBuildFile; fileRef = DC8B9AA81D481F64009DB76B /* NewNoteButton.swift */; };
		DC9F2CAC1D41991E006E8675 /* ZZPopOver.swift in Sources */ = {isa = PBXBuildFile; fileRef = DC9F2CAB1D41991E006E8675 /* ZZPopOver.swift */; };
		DCA786961D63CA8800702E87 /* RemindTableViewTitle.swift in Sources */ = {isa = PBXBuildFile; fileRef = DCA786951D63CA8800702E87 /* RemindTableViewTitle.swift */; };
		DCA7869F1D64E0AE00702E87 /* NewNoteDetailsViewController.swift in Sources */ = {isa = PBXBuildFile; fileRef = DCA7869E1D64E0AE00702E87 /* NewNoteDetailsViewController.swift */; };
		DCF949731D4927BB004B3ACE /* NewReminderViewController.swift in Sources */ = {isa = PBXBuildFile; fileRef = DCF949711D4927BB004B3ACE /* NewReminderViewController.swift */; };
		DCF9497C1D4A900B004B3ACE /* PickDateButton.swift in Sources */ = {isa = PBXBuildFile; fileRef = DCF9497B1D4A900B004B3ACE /* PickDateButton.swift */; };
		DCF9497E1D4AA6AC004B3ACE /* Photos.framework in Frameworks */ = {isa = PBXBuildFile; fileRef = DCF9497D1D4AA6AC004B3ACE /* Photos.framework */; };
		DCF949801D4AB357004B3ACE /* Utils.swift in Sources */ = {isa = PBXBuildFile; fileRef = DCF9497F1D4AB357004B3ACE /* Utils.swift */; };
		DCF949821D4ABA47004B3ACE /* NewPhotoViewController.swift in Sources */ = {isa = PBXBuildFile; fileRef = DCF949811D4ABA47004B3ACE /* NewPhotoViewController.swift */; };
		DCF949841D4ABB9E004B3ACE /* AVFoundation.framework in Frameworks */ = {isa = PBXBuildFile; fileRef = DCF949831D4ABB9E004B3ACE /* AVFoundation.framework */; };
		DCF949891D4FEA80004B3ACE /* FlashButton.swift in Sources */ = {isa = PBXBuildFile; fileRef = DCF949881D4FEA80004B3ACE /* FlashButton.swift */; };
		DCF94C071D41795A00CCDE42 /* NewNoteViewController.swift in Sources */ = {isa = PBXBuildFile; fileRef = DCF94C061D41795A00CCDE42 /* NewNoteViewController.swift */; };
		DCF94C091D41885900CCDE42 /* KeyboardButton.swift in Sources */ = {isa = PBXBuildFile; fileRef = DCF94C081D41885900CCDE42 /* KeyboardButton.swift */; };
/* End PBXBuildFile section */

/* Begin PBXContainerItemProxy section */
		DC6ED95E1D401FFD00AEFECB /* PBXContainerItemProxy */ = {
			isa = PBXContainerItemProxy;
			containerPortal = DC6ED93E1D401FFC00AEFECB /* Project object */;
			proxyType = 1;
			remoteGlobalIDString = DC6ED9451D401FFC00AEFECB;
			remoteInfo = DailyNotes;
		};
		DC6ED9691D401FFD00AEFECB /* PBXContainerItemProxy */ = {
			isa = PBXContainerItemProxy;
			containerPortal = DC6ED93E1D401FFC00AEFECB /* Project object */;
			proxyType = 1;
			remoteGlobalIDString = DC6ED9451D401FFC00AEFECB;
			remoteInfo = DailyNotes;
		};
		DC8221271D62486200FF1FC4 /* PBXContainerItemProxy */ = {
			isa = PBXContainerItemProxy;
			containerPortal = DC6ED93E1D401FFC00AEFECB /* Project object */;
			proxyType = 1;
			remoteGlobalIDString = DC82211D1D62486200FF1FC4;
			remoteInfo = DailyNotesExtension;
		};
/* End PBXContainerItemProxy section */

/* Begin PBXCopyFilesBuildPhase section */
		DC82212D1D62486200FF1FC4 /* Embed App Extensions */ = {
			isa = PBXCopyFilesBuildPhase;
			buildActionMask = 2147483647;
			dstPath = "";
			dstSubfolderSpec = 13;
			files = (
				DC8221291D62486200FF1FC4 /* DailyNotesExtension.appex in Embed App Extensions */,
			);
			name = "Embed App Extensions";
			runOnlyForDeploymentPostprocessing = 0;
		};
/* End PBXCopyFilesBuildPhase section */

/* Begin PBXFileReference section */
		DC3332D31D6B95B300D32535 /* MoveNoteViewController.swift */ = {isa = PBXFileReference; fileEncoding = 4; lastKnownFileType = sourcecode.swift; path = MoveNoteViewController.swift; sourceTree = "<group>"; };
		DC3332D91D6BA5CB00D32535 /* NotebookTableViewCell.swift */ = {isa = PBXFileReference; fileEncoding = 4; lastKnownFileType = sourcecode.swift; path = NotebookTableViewCell.swift; sourceTree = "<group>"; };
		DC3332DA1D6BA5CB00D32535 /* NotebookTableViewCell.xib */ = {isa = PBXFileReference; fileEncoding = 4; lastKnownFileType = file.xib; path = NotebookTableViewCell.xib; sourceTree = "<group>"; };
		DC3332DE1D6BB04900D32535 /* Notebook.swift */ = {isa = PBXFileReference; fileEncoding = 4; lastKnownFileType = sourcecode.swift; name = Notebook.swift; path = ../Notebook.swift; sourceTree = "<group>"; };
		DC3332E11D6BBC7600D32535 /* AddNewNotebookTableViewCell.swift */ = {isa = PBXFileReference; fileEncoding = 4; lastKnownFileType = sourcecode.swift; path = AddNewNotebookTableViewCell.swift; sourceTree = "<group>"; };
		DC3332E21D6BBC7600D32535 /* AddNewNotebookTableViewCell.xib */ = {isa = PBXFileReference; fileEncoding = 4; lastKnownFileType = file.xib; path = AddNewNotebookTableViewCell.xib; sourceTree = "<group>"; };
		DC3332EC1D6CFB9C00D32535 /* Note.swift */ = {isa = PBXFileReference; fileEncoding = 4; lastKnownFileType = sourcecode.swift; name = Note.swift; path = ../Note.swift; sourceTree = "<group>"; };
		DC3332ED1D6CFB9C00D32535 /* Notebook+CoreDataProperties.swift */ = {isa = PBXFileReference; fileEncoding = 4; lastKnownFileType = sourcecode.swift; name = "Notebook+CoreDataProperties.swift"; path = "../Notebook+CoreDataProperties.swift"; sourceTree = "<group>"; };
		DC3332F11D6D10BE00D32535 /* Note+CoreDataProperties.swift */ = {isa = PBXFileReference; fileEncoding = 4; lastKnownFileType = sourcecode.swift; name = "Note+CoreDataProperties.swift"; path = "../Note+CoreDataProperties.swift"; sourceTree = "<group>"; };
		DC6ED9461D401FFD00AEFECB /* DailyNotes.app */ = {isa = PBXFileReference; explicitFileType = wrapper.application; includeInIndex = 0; path = DailyNotes.app; sourceTree = BUILT_PRODUCTS_DIR; };
		DC6ED9491D401FFD00AEFECB /* AppDelegate.swift */ = {isa = PBXFileReference; lastKnownFileType = sourcecode.swift; path = AppDelegate.swift; sourceTree = "<group>"; };
		DC6ED94E1D401FFD00AEFECB /* Base */ = {isa = PBXFileReference; lastKnownFileType = file.storyboard; name = Base; path = Base.lproj/Main.storyboard; sourceTree = "<group>"; };
		DC6ED9511D401FFD00AEFECB /* DailyNotes.xcdatamodel */ = {isa = PBXFileReference; lastKnownFileType = wrapper.xcdatamodel; path = DailyNotes.xcdatamodel; sourceTree = "<group>"; };
		DC6ED9531D401FFD00AEFECB /* Assets.xcassets */ = {isa = PBXFileReference; lastKnownFileType = folder.assetcatalog; path = Assets.xcassets; sourceTree = "<group>"; };
		DC6ED9561D401FFD00AEFECB /* Base */ = {isa = PBXFileReference; lastKnownFileType = file.storyboard; name = Base; path = Base.lproj/LaunchScreen.storyboard; sourceTree = "<group>"; };
		DC6ED9581D401FFD00AEFECB /* Info.plist */ = {isa = PBXFileReference; lastKnownFileType = text.plist.xml; path = Info.plist; sourceTree = "<group>"; };
		DC6ED95D1D401FFD00AEFECB /* DailyNotesTests.xctest */ = {isa = PBXFileReference; explicitFileType = wrapper.cfbundle; includeInIndex = 0; path = DailyNotesTests.xctest; sourceTree = BUILT_PRODUCTS_DIR; };
		DC6ED9611D401FFD00AEFECB /* DailyNotesTests.swift */ = {isa = PBXFileReference; lastKnownFileType = sourcecode.swift; path = DailyNotesTests.swift; sourceTree = "<group>"; };
		DC6ED9631D401FFD00AEFECB /* Info.plist */ = {isa = PBXFileReference; lastKnownFileType = text.plist.xml; path = Info.plist; sourceTree = "<group>"; };
		DC6ED9681D401FFD00AEFECB /* DailyNotesUITests.xctest */ = {isa = PBXFileReference; explicitFileType = wrapper.cfbundle; includeInIndex = 0; path = DailyNotesUITests.xctest; sourceTree = BUILT_PRODUCTS_DIR; };
		DC6ED96C1D401FFD00AEFECB /* DailyNotesUITests.swift */ = {isa = PBXFileReference; lastKnownFileType = sourcecode.swift; path = DailyNotesUITests.swift; sourceTree = "<group>"; };
		DC6ED96E1D401FFD00AEFECB /* Info.plist */ = {isa = PBXFileReference; lastKnownFileType = text.plist.xml; path = Info.plist; sourceTree = "<group>"; };
		DC6ED9801D40296C00AEFECB /* Constant.swift */ = {isa = PBXFileReference; fileEncoding = 4; lastKnownFileType = sourcecode.swift; path = Constant.swift; sourceTree = "<group>"; };
		DC6ED9831D4029E500AEFECB /* RootViewController.swift */ = {isa = PBXFileReference; fileEncoding = 4; lastKnownFileType = sourcecode.swift; path = RootViewController.swift; sourceTree = "<group>"; };
		DC6ED9851D402C6F00AEFECB /* RootButton.swift */ = {isa = PBXFileReference; fileEncoding = 4; lastKnownFileType = sourcecode.swift; path = RootButton.swift; sourceTree = "<group>"; };
		DC6ED9871D40386100AEFECB /* RootNavigationBar.swift */ = {isa = PBXFileReference; fileEncoding = 4; lastKnownFileType = sourcecode.swift; path = RootNavigationBar.swift; sourceTree = "<group>"; };
		DC8220B21D5145D100FF1FC4 /* DetailPhotosViewController.swift */ = {isa = PBXFileReference; fileEncoding = 4; lastKnownFileType = sourcecode.swift; path = DetailPhotosViewController.swift; sourceTree = "<group>"; };
		DC8220B41D514D3300FF1FC4 /* DetailPhotosCollectionLayout.swift */ = {isa = PBXFileReference; fileEncoding = 4; lastKnownFileType = sourcecode.swift; path = DetailPhotosCollectionLayout.swift; sourceTree = "<group>"; };
		DC8220C01D527CA900FF1FC4 /* PhotoCollectionViewCell.swift */ = {isa = PBXFileReference; fileEncoding = 4; lastKnownFileType = sourcecode.swift; path = PhotoCollectionViewCell.swift; sourceTree = "<group>"; };
		DC8220C21D528B0F00FF1FC4 /* DetailCollectionViewCell.swift */ = {isa = PBXFileReference; fileEncoding = 4; lastKnownFileType = sourcecode.swift; path = DetailCollectionViewCell.swift; sourceTree = "<group>"; };
		DC8220C31D528B0F00FF1FC4 /* DetailCollectionViewCell.xib */ = {isa = PBXFileReference; fileEncoding = 4; lastKnownFileType = file.xib; path = DetailCollectionViewCell.xib; sourceTree = "<group>"; };
		DC8220C71D53E19900FF1FC4 /* ZZPlaceholderTextView.swift */ = {isa = PBXFileReference; fileEncoding = 4; lastKnownFileType = sourcecode.swift; path = ZZPlaceholderTextView.swift; sourceTree = "<group>"; };
		DC8220CF1D53F6F300FF1FC4 /* NotificationCenter.framework */ = {isa = PBXFileReference; lastKnownFileType = wrapper.framework; name = NotificationCenter.framework; path = System/Library/Frameworks/NotificationCenter.framework; sourceTree = SDKROOT; };
		DC82211E1D62486200FF1FC4 /* DailyNotesExtension.appex */ = {isa = PBXFileReference; explicitFileType = "wrapper.app-extension"; includeInIndex = 0; path = DailyNotesExtension.appex; sourceTree = BUILT_PRODUCTS_DIR; };
		DC8221211D62486200FF1FC4 /* TodayViewController.swift */ = {isa = PBXFileReference; lastKnownFileType = sourcecode.swift; path = TodayViewController.swift; sourceTree = "<group>"; };
		DC8221241D62486200FF1FC4 /* Base */ = {isa = PBXFileReference; lastKnownFileType = file.storyboard; name = Base; path = Base.lproj/MainInterface.storyboard; sourceTree = "<group>"; };
		DC8221261D62486200FF1FC4 /* Info.plist */ = {isa = PBXFileReference; lastKnownFileType = text.plist.xml; path = Info.plist; sourceTree = "<group>"; };
		DC8221301D625F9100FF1FC4 /* ReminderTableViewCell.swift */ = {isa = PBXFileReference; fileEncoding = 4; lastKnownFileType = sourcecode.swift; path = ReminderTableViewCell.swift; sourceTree = "<group>"; };
		DC8221311D625F9100FF1FC4 /* ReminderTableViewCell.xib */ = {isa = PBXFileReference; fileEncoding = 4; lastKnownFileType = file.xib; path = ReminderTableViewCell.xib; sourceTree = "<group>"; };
		DC8221341D62668800FF1FC4 /* ReminderButton.swift */ = {isa = PBXFileReference; fileEncoding = 4; lastKnownFileType = sourcecode.swift; path = ReminderButton.swift; sourceTree = "<group>"; };
		DC8B9AA41D4803A3009DB76B /* Extensions.swift */ = {isa = PBXFileReference; fileEncoding = 4; lastKnownFileType = sourcecode.swift; path = Extensions.swift; sourceTree = "<group>"; };
		DC8B9AA61D48151A009DB76B /* FontSettingButton.swift */ = {isa = PBXFileReference; fileEncoding = 4; lastKnownFileType = sourcecode.swift; path = FontSettingButton.swift; sourceTree = "<group>"; };
		DC8B9AA81D481F64009DB76B /* NewNoteButton.swift */ = {isa = PBXFileReference; fileEncoding = 4; lastKnownFileType = sourcecode.swift; path = NewNoteButton.swift; sourceTree = "<group>"; };
		DC9F2CAB1D41991E006E8675 /* ZZPopOver.swift */ = {isa = PBXFileReference; fileEncoding = 4; lastKnownFileType = sourcecode.swift; path = ZZPopOver.swift; sourceTree = "<group>"; };
		DCA786951D63CA8800702E87 /* RemindTableViewTitle.swift */ = {isa = PBXFileReference; fileEncoding = 4; lastKnownFileType = sourcecode.swift; path = RemindTableViewTitle.swift; sourceTree = "<group>"; };
		DCA7869E1D64E0AE00702E87 /* NewNoteDetailsViewController.swift */ = {isa = PBXFileReference; fileEncoding = 4; lastKnownFileType = sourcecode.swift; path = NewNoteDetailsViewController.swift; sourceTree = "<group>"; };
		DCF949711D4927BB004B3ACE /* NewReminderViewController.swift */ = {isa = PBXFileReference; fileEncoding = 4; lastKnownFileType = sourcecode.swift; path = NewReminderViewController.swift; sourceTree = "<group>"; };
		DCF9497B1D4A900B004B3ACE /* PickDateButton.swift */ = {isa = PBXFileReference; fileEncoding = 4; lastKnownFileType = sourcecode.swift; path = PickDateButton.swift; sourceTree = "<group>"; };
		DCF9497D1D4AA6AC004B3ACE /* Photos.framework */ = {isa = PBXFileReference; lastKnownFileType = wrapper.framework; name = Photos.framework; path = System/Library/Frameworks/Photos.framework; sourceTree = SDKROOT; };
		DCF9497F1D4AB357004B3ACE /* Utils.swift */ = {isa = PBXFileReference; fileEncoding = 4; lastKnownFileType = sourcecode.swift; path = Utils.swift; sourceTree = "<group>"; };
		DCF949811D4ABA47004B3ACE /* NewPhotoViewController.swift */ = {isa = PBXFileReference; fileEncoding = 4; lastKnownFileType = sourcecode.swift; path = NewPhotoViewController.swift; sourceTree = "<group>"; };
		DCF949831D4ABB9E004B3ACE /* AVFoundation.framework */ = {isa = PBXFileReference; lastKnownFileType = wrapper.framework; name = AVFoundation.framework; path = System/Library/Frameworks/AVFoundation.framework; sourceTree = SDKROOT; };
		DCF949881D4FEA80004B3ACE /* FlashButton.swift */ = {isa = PBXFileReference; fileEncoding = 4; lastKnownFileType = sourcecode.swift; path = FlashButton.swift; sourceTree = "<group>"; };
		DCF94C061D41795A00CCDE42 /* NewNoteViewController.swift */ = {isa = PBXFileReference; fileEncoding = 4; lastKnownFileType = sourcecode.swift; path = NewNoteViewController.swift; sourceTree = "<group>"; };
		DCF94C081D41885900CCDE42 /* KeyboardButton.swift */ = {isa = PBXFileReference; fileEncoding = 4; lastKnownFileType = sourcecode.swift; path = KeyboardButton.swift; sourceTree = "<group>"; };
/* End PBXFileReference section */

/* Begin PBXFrameworksBuildPhase section */
		DC6ED9431D401FFC00AEFECB /* Frameworks */ = {
			isa = PBXFrameworksBuildPhase;
			buildActionMask = 2147483647;
			files = (
				DCF949841D4ABB9E004B3ACE /* AVFoundation.framework in Frameworks */,
				DCF9497E1D4AA6AC004B3ACE /* Photos.framework in Frameworks */,
			);
			runOnlyForDeploymentPostprocessing = 0;
		};
		DC6ED95A1D401FFD00AEFECB /* Frameworks */ = {
			isa = PBXFrameworksBuildPhase;
			buildActionMask = 2147483647;
			files = (
			);
			runOnlyForDeploymentPostprocessing = 0;
		};
		DC6ED9651D401FFD00AEFECB /* Frameworks */ = {
			isa = PBXFrameworksBuildPhase;
			buildActionMask = 2147483647;
			files = (
			);
			runOnlyForDeploymentPostprocessing = 0;
		};
		DC82211B1D62486200FF1FC4 /* Frameworks */ = {
			isa = PBXFrameworksBuildPhase;
			buildActionMask = 2147483647;
			files = (
				DC82211F1D62486200FF1FC4 /* NotificationCenter.framework in Frameworks */,
			);
			runOnlyForDeploymentPostprocessing = 0;
		};
/* End PBXFrameworksBuildPhase section */

/* Begin PBXGroup section */
		DC6ED93D1D401FFC00AEFECB = {
			isa = PBXGroup;
			children = (
				DCF949831D4ABB9E004B3ACE /* AVFoundation.framework */,
				DCF9497D1D4AA6AC004B3ACE /* Photos.framework */,
				DC6ED9481D401FFD00AEFECB /* DailyNotes */,
				DC6ED9601D401FFD00AEFECB /* DailyNotesTests */,
				DC6ED96B1D401FFD00AEFECB /* DailyNotesUITests */,
				DC8221201D62486200FF1FC4 /* DailyNotesExtension */,
				DC8220CE1D53F6F300FF1FC4 /* Frameworks */,
				DC6ED9471D401FFD00AEFECB /* Products */,
			);
			sourceTree = "<group>";
		};
		DC6ED9471D401FFD00AEFECB /* Products */ = {
			isa = PBXGroup;
			children = (
				DC6ED9461D401FFD00AEFECB /* DailyNotes.app */,
				DC6ED95D1D401FFD00AEFECB /* DailyNotesTests.xctest */,
				DC6ED9681D401FFD00AEFECB /* DailyNotesUITests.xctest */,
				DC82211E1D62486200FF1FC4 /* DailyNotesExtension.appex */,
			);
			name = Products;
			sourceTree = "<group>";
		};
		DC6ED9481D401FFD00AEFECB /* DailyNotes */ = {
			isa = PBXGroup;
			children = (
				DC6ED9491D401FFD00AEFECB /* AppDelegate.swift */,
				DC6ED9831D4029E500AEFECB /* RootViewController.swift */,
				DCF94C061D41795A00CCDE42 /* NewNoteViewController.swift */,
				DCA7869E1D64E0AE00702E87 /* NewNoteDetailsViewController.swift */,
				DC3332D31D6B95B300D32535 /* MoveNoteViewController.swift */,
				DCF949711D4927BB004B3ACE /* NewReminderViewController.swift */,
				DCF949811D4ABA47004B3ACE /* NewPhotoViewController.swift */,
				DC8220B21D5145D100FF1FC4 /* DetailPhotosViewController.swift */,
				DC6ED94D1D401FFD00AEFECB /* Main.storyboard */,
				DC6ED9531D401FFD00AEFECB /* Assets.xcassets */,
				DC6ED9551D401FFD00AEFECB /* LaunchScreen.storyboard */,
				DC6ED9581D401FFD00AEFECB /* Info.plist */,
				DC6ED9501D401FFD00AEFECB /* DailyNotes.xcdatamodeld */,
				DCA7869D1D64DC9800702E87 /* Models */,
				DC6ED9891D403A0900AEFECB /* Views */,
				DC6ED9821D40297400AEFECB /* Utils */,
			);
			path = DailyNotes;
			sourceTree = "<group>";
		};
		DC6ED9601D401FFD00AEFECB /* DailyNotesTests */ = {
			isa = PBXGroup;
			children = (
				DC6ED9611D401FFD00AEFECB /* DailyNotesTests.swift */,
				DC6ED9631D401FFD00AEFECB /* Info.plist */,
			);
			path = DailyNotesTests;
			sourceTree = "<group>";
		};
		DC6ED96B1D401FFD00AEFECB /* DailyNotesUITests */ = {
			isa = PBXGroup;
			children = (
				DC6ED96C1D401FFD00AEFECB /* DailyNotesUITests.swift */,
				DC6ED96E1D401FFD00AEFECB /* Info.plist */,
			);
			path = DailyNotesUITests;
			sourceTree = "<group>";
		};
		DC6ED9821D40297400AEFECB /* Utils */ = {
			isa = PBXGroup;
			children = (
				DC6ED9801D40296C00AEFECB /* Constant.swift */,
				DC8B9AA41D4803A3009DB76B /* Extensions.swift */,
				DCF9497F1D4AB357004B3ACE /* Utils.swift */,
			);
			name = Utils;
			sourceTree = "<group>";
		};
		DC6ED9891D403A0900AEFECB /* Views */ = {
			isa = PBXGroup;
			children = (
				DC8220C61D53E16A00FF1FC4 /* ZZControls */,
				DC6ED9851D402C6F00AEFECB /* RootButton.swift */,
				DCF94C081D41885900CCDE42 /* KeyboardButton.swift */,
				DC8B9AA61D48151A009DB76B /* FontSettingButton.swift */,
				DC6ED9871D40386100AEFECB /* RootNavigationBar.swift */,
				DC8B9AA81D481F64009DB76B /* NewNoteButton.swift */,
				DCF9497B1D4A900B004B3ACE /* PickDateButton.swift */,
				DCF949881D4FEA80004B3ACE /* FlashButton.swift */,
				DC8221341D62668800FF1FC4 /* ReminderButton.swift */,
				DC8220C01D527CA900FF1FC4 /* PhotoCollectionViewCell.swift */,
				DC8220B41D514D3300FF1FC4 /* DetailPhotosCollectionLayout.swift */,
				DC8220C21D528B0F00FF1FC4 /* DetailCollectionViewCell.swift */,
				DC8220C31D528B0F00FF1FC4 /* DetailCollectionViewCell.xib */,
				DC8221301D625F9100FF1FC4 /* ReminderTableViewCell.swift */,
				DC8221311D625F9100FF1FC4 /* ReminderTableViewCell.xib */,
				DCA786951D63CA8800702E87 /* RemindTableViewTitle.swift */,
				DC3332D91D6BA5CB00D32535 /* NotebookTableViewCell.swift */,
				DC3332DA1D6BA5CB00D32535 /* NotebookTableViewCell.xib */,
				DC3332E11D6BBC7600D32535 /* AddNewNotebookTableViewCell.swift */,
				DC3332E21D6BBC7600D32535 /* AddNewNotebookTableViewCell.xib */,
			);
			name = Views;
			sourceTree = "<group>";
		};
		DC8220C61D53E16A00FF1FC4 /* ZZControls */ = {
			isa = PBXGroup;
			children = (
				DC9F2CAB1D41991E006E8675 /* ZZPopOver.swift */,
				DC8220C71D53E19900FF1FC4 /* ZZPlaceholderTextView.swift */,
			);
			name = ZZControls;
			sourceTree = "<group>";
		};
		DC8220CE1D53F6F300FF1FC4 /* Frameworks */ = {
			isa = PBXGroup;
			children = (
				DC8220CF1D53F6F300FF1FC4 /* NotificationCenter.framework */,
			);
			name = Frameworks;
			sourceTree = "<group>";
		};
		DC8221201D62486200FF1FC4 /* DailyNotesExtension */ = {
			isa = PBXGroup;
			children = (
				DC8221211D62486200FF1FC4 /* TodayViewController.swift */,
				DC8221231D62486200FF1FC4 /* MainInterface.storyboard */,
				DC8221261D62486200FF1FC4 /* Info.plist */,
			);
			path = DailyNotesExtension;
			sourceTree = "<group>";
		};
		DCA7869D1D64DC9800702E87 /* Models */ = {
			isa = PBXGroup;
			children = (
				DC3332F11D6D10BE00D32535 /* Note+CoreDataProperties.swift */,
				DC3332EC1D6CFB9C00D32535 /* Note.swift */,
				DC3332ED1D6CFB9C00D32535 /* Notebook+CoreDataProperties.swift */,
				DC3332DE1D6BB04900D32535 /* Notebook.swift */,
			);
			name = Models;
			sourceTree = "<group>";
		};
/* End PBXGroup section */

/* Begin PBXNativeTarget section */
		DC6ED9451D401FFC00AEFECB /* DailyNotes */ = {
			isa = PBXNativeTarget;
			buildConfigurationList = DC6ED9711D401FFD00AEFECB /* Build configuration list for PBXNativeTarget "DailyNotes" */;
			buildPhases = (
				DC6ED9421D401FFC00AEFECB /* Sources */,
				DC6ED9431D401FFC00AEFECB /* Frameworks */,
				DC6ED9441D401FFC00AEFECB /* Resources */,
				DC82212D1D62486200FF1FC4 /* Embed App Extensions */,
			);
			buildRules = (
			);
			dependencies = (
				DC8221281D62486200FF1FC4 /* PBXTargetDependency */,
			);
			name = DailyNotes;
			productName = DailyNotes;
			productReference = DC6ED9461D401FFD00AEFECB /* DailyNotes.app */;
			productType = "com.apple.product-type.application";
		};
		DC6ED95C1D401FFD00AEFECB /* DailyNotesTests */ = {
			isa = PBXNativeTarget;
			buildConfigurationList = DC6ED9741D401FFD00AEFECB /* Build configuration list for PBXNativeTarget "DailyNotesTests" */;
			buildPhases = (
				DC6ED9591D401FFD00AEFECB /* Sources */,
				DC6ED95A1D401FFD00AEFECB /* Frameworks */,
				DC6ED95B1D401FFD00AEFECB /* Resources */,
			);
			buildRules = (
			);
			dependencies = (
				DC6ED95F1D401FFD00AEFECB /* PBXTargetDependency */,
			);
			name = DailyNotesTests;
			productName = DailyNotesTests;
			productReference = DC6ED95D1D401FFD00AEFECB /* DailyNotesTests.xctest */;
			productType = "com.apple.product-type.bundle.unit-test";
		};
		DC6ED9671D401FFD00AEFECB /* DailyNotesUITests */ = {
			isa = PBXNativeTarget;
			buildConfigurationList = DC6ED9771D401FFD00AEFECB /* Build configuration list for PBXNativeTarget "DailyNotesUITests" */;
			buildPhases = (
				DC6ED9641D401FFD00AEFECB /* Sources */,
				DC6ED9651D401FFD00AEFECB /* Frameworks */,
				DC6ED9661D401FFD00AEFECB /* Resources */,
			);
			buildRules = (
			);
			dependencies = (
				DC6ED96A1D401FFD00AEFECB /* PBXTargetDependency */,
			);
			name = DailyNotesUITests;
			productName = DailyNotesUITests;
			productReference = DC6ED9681D401FFD00AEFECB /* DailyNotesUITests.xctest */;
			productType = "com.apple.product-type.bundle.ui-testing";
		};
		DC82211D1D62486200FF1FC4 /* DailyNotesExtension */ = {
			isa = PBXNativeTarget;
			buildConfigurationList = DC82212A1D62486200FF1FC4 /* Build configuration list for PBXNativeTarget "DailyNotesExtension" */;
			buildPhases = (
				DC82211A1D62486200FF1FC4 /* Sources */,
				DC82211B1D62486200FF1FC4 /* Frameworks */,
				DC82211C1D62486200FF1FC4 /* Resources */,
			);
			buildRules = (
			);
			dependencies = (
			);
			name = DailyNotesExtension;
			productName = DailyNotesExtension;
			productReference = DC82211E1D62486200FF1FC4 /* DailyNotesExtension.appex */;
			productType = "com.apple.product-type.app-extension";
		};
/* End PBXNativeTarget section */

/* Begin PBXProject section */
		DC6ED93E1D401FFC00AEFECB /* Project object */ = {
			isa = PBXProject;
			attributes = {
				LastSwiftUpdateCheck = 0730;
				LastUpgradeCheck = 0730;
				ORGANIZATIONNAME = "Zhicong Zang";
				TargetAttributes = {
					DC6ED9451D401FFC00AEFECB = {
						CreatedOnToolsVersion = 7.3.1;
						DevelopmentTeam = 3YN8TBBFZ4;
					};
					DC6ED95C1D401FFD00AEFECB = {
						CreatedOnToolsVersion = 7.3.1;
						DevelopmentTeam = 3YN8TBBFZ4;
						TestTargetID = DC6ED9451D401FFC00AEFECB;
					};
					DC6ED9671D401FFD00AEFECB = {
						CreatedOnToolsVersion = 7.3.1;
						DevelopmentTeam = 3YN8TBBFZ4;
						TestTargetID = DC6ED9451D401FFC00AEFECB;
					};
					DC82211D1D62486200FF1FC4 = {
						CreatedOnToolsVersion = 7.3.1;
						DevelopmentTeam = 3YN8TBBFZ4;
					};
				};
			};
			buildConfigurationList = DC6ED9411D401FFC00AEFECB /* Build configuration list for PBXProject "DailyNotes" */;
			compatibilityVersion = "Xcode 3.2";
			developmentRegion = English;
			hasScannedForEncodings = 0;
			knownRegions = (
				en,
				Base,
			);
			mainGroup = DC6ED93D1D401FFC00AEFECB;
			productRefGroup = DC6ED9471D401FFD00AEFECB /* Products */;
			projectDirPath = "";
			projectRoot = "";
			targets = (
				DC6ED9451D401FFC00AEFECB /* DailyNotes */,
				DC6ED95C1D401FFD00AEFECB /* DailyNotesTests */,
				DC6ED9671D401FFD00AEFECB /* DailyNotesUITests */,
				DC82211D1D62486200FF1FC4 /* DailyNotesExtension */,
			);
		};
/* End PBXProject section */

/* Begin PBXResourcesBuildPhase section */
		DC6ED9441D401FFC00AEFECB /* Resources */ = {
			isa = PBXResourcesBuildPhase;
			buildActionMask = 2147483647;
			files = (
				DC6ED9571D401FFD00AEFECB /* LaunchScreen.storyboard in Resources */,
				DC6ED9541D401FFD00AEFECB /* Assets.xcassets in Resources */,
				DC3332DC1D6BA5CB00D32535 /* NotebookTableViewCell.xib in Resources */,
				DC6ED94F1D401FFD00AEFECB /* Main.storyboard in Resources */,
				DC8220C51D528B0F00FF1FC4 /* DetailCollectionViewCell.xib in Resources */,
				DC8221331D625F9100FF1FC4 /* ReminderTableViewCell.xib in Resources */,
				DC3332E41D6BBC7600D32535 /* AddNewNotebookTableViewCell.xib in Resources */,
			);
			runOnlyForDeploymentPostprocessing = 0;
		};
		DC6ED95B1D401FFD00AEFECB /* Resources */ = {
			isa = PBXResourcesBuildPhase;
			buildActionMask = 2147483647;
			files = (
			);
			runOnlyForDeploymentPostprocessing = 0;
		};
		DC6ED9661D401FFD00AEFECB /* Resources */ = {
			isa = PBXResourcesBuildPhase;
			buildActionMask = 2147483647;
			files = (
			);
			runOnlyForDeploymentPostprocessing = 0;
		};
		DC82211C1D62486200FF1FC4 /* Resources */ = {
			isa = PBXResourcesBuildPhase;
			buildActionMask = 2147483647;
			files = (
				DC8221251D62486200FF1FC4 /* MainInterface.storyboard in Resources */,
			);
			runOnlyForDeploymentPostprocessing = 0;
		};
/* End PBXResourcesBuildPhase section */

/* Begin PBXSourcesBuildPhase section */
		DC6ED9421D401FFC00AEFECB /* Sources */ = {
			isa = PBXSourcesBuildPhase;
			buildActionMask = 2147483647;
			files = (
				DC6ED9861D402C6F00AEFECB /* RootButton.swift in Sources */,
				DC6ED9881D40386100AEFECB /* RootNavigationBar.swift in Sources */,
				DC3332F01D6CFB9C00D32535 /* Notebook+CoreDataProperties.swift in Sources */,
				DCF949891D4FEA80004B3ACE /* FlashButton.swift in Sources */,
				DCF94C071D41795A00CCDE42 /* NewNoteViewController.swift in Sources */,
				DC3332E01D6BB04900D32535 /* Notebook.swift in Sources */,
				DC8221351D62668800FF1FC4 /* ReminderButton.swift in Sources */,
				DC6ED9521D401FFD00AEFECB /* DailyNotes.xcdatamodeld in Sources */,
				DC8B9AA71D48151A009DB76B /* FontSettingButton.swift in Sources */,
				DCF949801D4AB357004B3ACE /* Utils.swift in Sources */,
				DC9F2CAC1D41991E006E8675 /* ZZPopOver.swift in Sources */,
				DC3332F21D6D10BE00D32535 /* Note+CoreDataProperties.swift in Sources */,
				DC8B9AA51D4803A3009DB76B /* Extensions.swift in Sources */,
				DC3332DB1D6BA5CB00D32535 /* NotebookTableViewCell.swift in Sources */,
				DC8220B51D514D3300FF1FC4 /* DetailPhotosCollectionLayout.swift in Sources */,
				DC8220C41D528B0F00FF1FC4 /* DetailCollectionViewCell.swift in Sources */,
				DCA7869F1D64E0AE00702E87 /* NewNoteDetailsViewController.swift in Sources */,
				DC8220C11D527CA900FF1FC4 /* PhotoCollectionViewCell.swift in Sources */,
				DCF94C091D41885900CCDE42 /* KeyboardButton.swift in Sources */,
				DC8220B31D5145D100FF1FC4 /* DetailPhotosViewController.swift in Sources */,
				DC6ED94A1D401FFD00AEFECB /* AppDelegate.swift in Sources */,
				DC3332D41D6B95B300D32535 /* MoveNoteViewController.swift in Sources */,
				DC3332E31D6BBC7600D32535 /* AddNewNotebookTableViewCell.swift in Sources */,
				DC8221321D625F9100FF1FC4 /* ReminderTableViewCell.swift in Sources */,
				DCF949821D4ABA47004B3ACE /* NewPhotoViewController.swift in Sources */,
				DC6ED9841D4029E500AEFECB /* RootViewController.swift in Sources */,
				DC8220C81D53E19900FF1FC4 /* ZZPlaceholderTextView.swift in Sources */,
				DCF9497C1D4A900B004B3ACE /* PickDateButton.swift in Sources */,
				DC3332EF1D6CFB9C00D32535 /* Note.swift in Sources */,
				DC8B9AA91D481F64009DB76B /* NewNoteButton.swift in Sources */,
				DC6ED9811D40296C00AEFECB /* Constant.swift in Sources */,
				DCF949731D4927BB004B3ACE /* NewReminderViewController.swift in Sources */,
				DCA786961D63CA8800702E87 /* RemindTableViewTitle.swift in Sources */,
			);
			runOnlyForDeploymentPostprocessing = 0;
		};
		DC6ED9591D401FFD00AEFECB /* Sources */ = {
			isa = PBXSourcesBuildPhase;
			buildActionMask = 2147483647;
			files = (
				DC6ED9621D401FFD00AEFECB /* DailyNotesTests.swift in Sources */,
			);
			runOnlyForDeploymentPostprocessing = 0;
		};
		DC6ED9641D401FFD00AEFECB /* Sources */ = {
			isa = PBXSourcesBuildPhase;
			buildActionMask = 2147483647;
			files = (
				DC6ED96D1D401FFD00AEFECB /* DailyNotesUITests.swift in Sources */,
			);
			runOnlyForDeploymentPostprocessing = 0;
		};
		DC82211A1D62486200FF1FC4 /* Sources */ = {
			isa = PBXSourcesBuildPhase;
			buildActionMask = 2147483647;
			files = (
				DC8221221D62486200FF1FC4 /* TodayViewController.swift in Sources */,
			);
			runOnlyForDeploymentPostprocessing = 0;
		};
/* End PBXSourcesBuildPhase section */

/* Begin PBXTargetDependency section */
		DC6ED95F1D401FFD00AEFECB /* PBXTargetDependency */ = {
			isa = PBXTargetDependency;
			target = DC6ED9451D401FFC00AEFECB /* DailyNotes */;
			targetProxy = DC6ED95E1D401FFD00AEFECB /* PBXContainerItemProxy */;
		};
		DC6ED96A1D401FFD00AEFECB /* PBXTargetDependency */ = {
			isa = PBXTargetDependency;
			target = DC6ED9451D401FFC00AEFECB /* DailyNotes */;
			targetProxy = DC6ED9691D401FFD00AEFECB /* PBXContainerItemProxy */;
		};
		DC8221281D62486200FF1FC4 /* PBXTargetDependency */ = {
			isa = PBXTargetDependency;
			target = DC82211D1D62486200FF1FC4 /* DailyNotesExtension */;
			targetProxy = DC8221271D62486200FF1FC4 /* PBXContainerItemProxy */;
		};
/* End PBXTargetDependency section */

/* Begin PBXVariantGroup section */
		DC6ED94D1D401FFD00AEFECB /* Main.storyboard */ = {
			isa = PBXVariantGroup;
			children = (
				DC6ED94E1D401FFD00AEFECB /* Base */,
			);
			name = Main.storyboard;
			sourceTree = "<group>";
		};
		DC6ED9551D401FFD00AEFECB /* LaunchScreen.storyboard */ = {
			isa = PBXVariantGroup;
			children = (
				DC6ED9561D401FFD00AEFECB /* Base */,
			);
			name = LaunchScreen.storyboard;
			sourceTree = "<group>";
		};
		DC8221231D62486200FF1FC4 /* MainInterface.storyboard */ = {
			isa = PBXVariantGroup;
			children = (
				DC8221241D62486200FF1FC4 /* Base */,
			);
			name = MainInterface.storyboard;
			sourceTree = "<group>";
		};
/* End PBXVariantGroup section */

/* Begin XCBuildConfiguration section */
		DC6ED96F1D401FFD00AEFECB /* Debug */ = {
			isa = XCBuildConfiguration;
			buildSettings = {
				ALWAYS_SEARCH_USER_PATHS = NO;
				CLANG_ANALYZER_NONNULL = YES;
				CLANG_CXX_LANGUAGE_STANDARD = "gnu++0x";
				CLANG_CXX_LIBRARY = "libc++";
				CLANG_ENABLE_MODULES = YES;
				CLANG_ENABLE_OBJC_ARC = YES;
				CLANG_WARN_BOOL_CONVERSION = YES;
				CLANG_WARN_CONSTANT_CONVERSION = YES;
				CLANG_WARN_DIRECT_OBJC_ISA_USAGE = YES_ERROR;
				CLANG_WARN_EMPTY_BODY = YES;
				CLANG_WARN_ENUM_CONVERSION = YES;
				CLANG_WARN_INT_CONVERSION = YES;
				CLANG_WARN_OBJC_ROOT_CLASS = YES_ERROR;
				CLANG_WARN_UNREACHABLE_CODE = YES;
				CLANG_WARN__DUPLICATE_METHOD_MATCH = YES;
				"CODE_SIGN_IDENTITY[sdk=iphoneos*]" = "iPhone Developer";
				COPY_PHASE_STRIP = NO;
				DEBUG_INFORMATION_FORMAT = dwarf;
				ENABLE_STRICT_OBJC_MSGSEND = YES;
				ENABLE_TESTABILITY = YES;
				GCC_C_LANGUAGE_STANDARD = gnu99;
				GCC_DYNAMIC_NO_PIC = NO;
				GCC_NO_COMMON_BLOCKS = YES;
				GCC_OPTIMIZATION_LEVEL = 0;
				GCC_PREPROCESSOR_DEFINITIONS = (
					"DEBUG=1",
					"$(inherited)",
				);
				GCC_WARN_64_TO_32_BIT_CONVERSION = YES;
				GCC_WARN_ABOUT_RETURN_TYPE = YES_ERROR;
				GCC_WARN_UNDECLARED_SELECTOR = YES;
				GCC_WARN_UNINITIALIZED_AUTOS = YES_AGGRESSIVE;
				GCC_WARN_UNUSED_FUNCTION = YES;
				GCC_WARN_UNUSED_VARIABLE = YES;
				IPHONEOS_DEPLOYMENT_TARGET = 9.3;
				MTL_ENABLE_DEBUG_INFO = YES;
				ONLY_ACTIVE_ARCH = YES;
				SDKROOT = iphoneos;
				SWIFT_OPTIMIZATION_LEVEL = "-Onone";
			};
			name = Debug;
		};
		DC6ED9701D401FFD00AEFECB /* Release */ = {
			isa = XCBuildConfiguration;
			buildSettings = {
				ALWAYS_SEARCH_USER_PATHS = NO;
				CLANG_ANALYZER_NONNULL = YES;
				CLANG_CXX_LANGUAGE_STANDARD = "gnu++0x";
				CLANG_CXX_LIBRARY = "libc++";
				CLANG_ENABLE_MODULES = YES;
				CLANG_ENABLE_OBJC_ARC = YES;
				CLANG_WARN_BOOL_CONVERSION = YES;
				CLANG_WARN_CONSTANT_CONVERSION = YES;
				CLANG_WARN_DIRECT_OBJC_ISA_USAGE = YES_ERROR;
				CLANG_WARN_EMPTY_BODY = YES;
				CLANG_WARN_ENUM_CONVERSION = YES;
				CLANG_WARN_INT_CONVERSION = YES;
				CLANG_WARN_OBJC_ROOT_CLASS = YES_ERROR;
				CLANG_WARN_UNREACHABLE_CODE = YES;
				CLANG_WARN__DUPLICATE_METHOD_MATCH = YES;
				"CODE_SIGN_IDENTITY[sdk=iphoneos*]" = "iPhone Developer";
				COPY_PHASE_STRIP = NO;
				DEBUG_INFORMATION_FORMAT = "dwarf-with-dsym";
				ENABLE_NS_ASSERTIONS = NO;
				ENABLE_STRICT_OBJC_MSGSEND = YES;
				GCC_C_LANGUAGE_STANDARD = gnu99;
				GCC_NO_COMMON_BLOCKS = YES;
				GCC_WARN_64_TO_32_BIT_CONVERSION = YES;
				GCC_WARN_ABOUT_RETURN_TYPE = YES_ERROR;
				GCC_WARN_UNDECLARED_SELECTOR = YES;
				GCC_WARN_UNINITIALIZED_AUTOS = YES_AGGRESSIVE;
				GCC_WARN_UNUSED_FUNCTION = YES;
				GCC_WARN_UNUSED_VARIABLE = YES;
				IPHONEOS_DEPLOYMENT_TARGET = 9.3;
				MTL_ENABLE_DEBUG_INFO = NO;
				SDKROOT = iphoneos;
				VALIDATE_PRODUCT = YES;
			};
			name = Release;
		};
		DC6ED9721D401FFD00AEFECB /* Debug */ = {
			isa = XCBuildConfiguration;
			buildSettings = {
				ASSETCATALOG_COMPILER_APPICON_NAME = AppIcon;
				CODE_SIGN_IDENTITY = "iPhone Developer";
				"CODE_SIGN_IDENTITY[sdk=iphoneos*]" = "iPhone Developer";
				EMBEDDED_CONTENT_CONTAINS_SWIFT = YES;
				INFOPLIST_FILE = DailyNotes/Info.plist;
				LD_RUNPATH_SEARCH_PATHS = "$(inherited) @executable_path/Frameworks";
				PRODUCT_BUNDLE_IDENTIFIER = Jesse.DailyNotes;
				PRODUCT_NAME = "$(TARGET_NAME)";
				PROVISIONING_PROFILE = "";
			};
			name = Debug;
		};
		DC6ED9731D401FFD00AEFECB /* Release */ = {
			isa = XCBuildConfiguration;
			buildSettings = {
				ASSETCATALOG_COMPILER_APPICON_NAME = AppIcon;
				CODE_SIGN_IDENTITY = "iPhone Developer";
				"CODE_SIGN_IDENTITY[sdk=iphoneos*]" = "iPhone Developer";
				EMBEDDED_CONTENT_CONTAINS_SWIFT = YES;
				INFOPLIST_FILE = DailyNotes/Info.plist;
				LD_RUNPATH_SEARCH_PATHS = "$(inherited) @executable_path/Frameworks";
				PRODUCT_BUNDLE_IDENTIFIER = Jesse.DailyNotes;
				PRODUCT_NAME = "$(TARGET_NAME)";
				PROVISIONING_PROFILE = "";
			};
			name = Release;
		};
		DC6ED9751D401FFD00AEFECB /* Debug */ = {
			isa = XCBuildConfiguration;
			buildSettings = {
				BUNDLE_LOADER = "$(TEST_HOST)";
				INFOPLIST_FILE = DailyNotesTests/Info.plist;
				LD_RUNPATH_SEARCH_PATHS = "$(inherited) @executable_path/Frameworks @loader_path/Frameworks";
				PRODUCT_BUNDLE_IDENTIFIER = Jesse.DailyNotesTests;
				PRODUCT_NAME = "$(TARGET_NAME)";
				TEST_HOST = "$(BUILT_PRODUCTS_DIR)/DailyNotes.app/DailyNotes";
			};
			name = Debug;
		};
		DC6ED9761D401FFD00AEFECB /* Release */ = {
			isa = XCBuildConfiguration;
			buildSettings = {
				BUNDLE_LOADER = "$(TEST_HOST)";
				INFOPLIST_FILE = DailyNotesTests/Info.plist;
				LD_RUNPATH_SEARCH_PATHS = "$(inherited) @executable_path/Frameworks @loader_path/Frameworks";
				PRODUCT_BUNDLE_IDENTIFIER = Jesse.DailyNotesTests;
				PRODUCT_NAME = "$(TARGET_NAME)";
				TEST_HOST = "$(BUILT_PRODUCTS_DIR)/DailyNotes.app/DailyNotes";
			};
			name = Release;
		};
		DC6ED9781D401FFD00AEFECB /* Debug */ = {
			isa = XCBuildConfiguration;
			buildSettings = {
				INFOPLIST_FILE = DailyNotesUITests/Info.plist;
				LD_RUNPATH_SEARCH_PATHS = "$(inherited) @executable_path/Frameworks @loader_path/Frameworks";
				PRODUCT_BUNDLE_IDENTIFIER = Jesse.DailyNotesUITests;
				PRODUCT_NAME = "$(TARGET_NAME)";
				TEST_TARGET_NAME = DailyNotes;
			};
			name = Debug;
		};
		DC6ED9791D401FFD00AEFECB /* Release */ = {
			isa = XCBuildConfiguration;
			buildSettings = {
				INFOPLIST_FILE = DailyNotesUITests/Info.plist;
				LD_RUNPATH_SEARCH_PATHS = "$(inherited) @executable_path/Frameworks @loader_path/Frameworks";
				PRODUCT_BUNDLE_IDENTIFIER = Jesse.DailyNotesUITests;
				PRODUCT_NAME = "$(TARGET_NAME)";
				TEST_TARGET_NAME = DailyNotes;
			};
			name = Release;
		};
		DC82212B1D62486200FF1FC4 /* Debug */ = {
			isa = XCBuildConfiguration;
			buildSettings = {
				CODE_SIGN_IDENTITY = "iPhone Developer";
				"CODE_SIGN_IDENTITY[sdk=iphoneos*]" = "iPhone Developer";
				INFOPLIST_FILE = DailyNotesExtension/Info.plist;
				LD_RUNPATH_SEARCH_PATHS = "$(inherited) @executable_path/Frameworks @executable_path/../../Frameworks";
				PRODUCT_BUNDLE_IDENTIFIER = Jesse.DailyNotes.DailyNotesExtension;
				PRODUCT_NAME = "$(TARGET_NAME)";
				SKIP_INSTALL = YES;
			};
			name = Debug;
		};
		DC82212C1D62486200FF1FC4 /* Release */ = {
			isa = XCBuildConfiguration;
			buildSettings = {
				CODE_SIGN_IDENTITY = "iPhone Developer";
				"CODE_SIGN_IDENTITY[sdk=iphoneos*]" = "iPhone Developer";
				INFOPLIST_FILE = DailyNotesExtension/Info.plist;
				LD_RUNPATH_SEARCH_PATHS = "$(inherited) @executable_path/Frameworks @executable_path/../../Frameworks";
				PRODUCT_BUNDLE_IDENTIFIER = Jesse.DailyNotes.DailyNotesExtension;
				PRODUCT_NAME = "$(TARGET_NAME)";
				SKIP_INSTALL = YES;
			};
			name = Release;
		};
/* End XCBuildConfiguration section */

/* Begin XCConfigurationList section */
		DC6ED9411D401FFC00AEFECB /* Build configuration list for PBXProject "DailyNotes" */ = {
			isa = XCConfigurationList;
			buildConfigurations = (
				DC6ED96F1D401FFD00AEFECB /* Debug */,
				DC6ED9701D401FFD00AEFECB /* Release */,
			);
			defaultConfigurationIsVisible = 0;
			defaultConfigurationName = Release;
		};
		DC6ED9711D401FFD00AEFECB /* Build configuration list for PBXNativeTarget "DailyNotes" */ = {
			isa = XCConfigurationList;
			buildConfigurations = (
				DC6ED9721D401FFD00AEFECB /* Debug */,
				DC6ED9731D401FFD00AEFECB /* Release */,
			);
			defaultConfigurationIsVisible = 0;
			defaultConfigurationName = Release;
		};
		DC6ED9741D401FFD00AEFECB /* Build configuration list for PBXNativeTarget "DailyNotesTests" */ = {
			isa = XCConfigurationList;
			buildConfigurations = (
				DC6ED9751D401FFD00AEFECB /* Debug */,
				DC6ED9761D401FFD00AEFECB /* Release */,
			);
			defaultConfigurationIsVisible = 0;
			defaultConfigurationName = Release;
		};
		DC6ED9771D401FFD00AEFECB /* Build configuration list for PBXNativeTarget "DailyNotesUITests" */ = {
			isa = XCConfigurationList;
			buildConfigurations = (
				DC6ED9781D401FFD00AEFECB /* Debug */,
				DC6ED9791D401FFD00AEFECB /* Release */,
			);
			defaultConfigurationIsVisible = 0;
			defaultConfigurationName = Release;
		};
		DC82212A1D62486200FF1FC4 /* Build configuration list for PBXNativeTarget "DailyNotesExtension" */ = {
			isa = XCConfigurationList;
			buildConfigurations = (
				DC82212B1D62486200FF1FC4 /* Debug */,
				DC82212C1D62486200FF1FC4 /* Release */,
			);
			defaultConfigurationIsVisible = 0;
			defaultConfigurationName = Release;
		};
/* End XCConfigurationList section */

/* Begin XCVersionGroup section */
		DC6ED9501D401FFD00AEFECB /* DailyNotes.xcdatamodeld */ = {
			isa = XCVersionGroup;
			children = (
				DC6ED9511D401FFD00AEFECB /* DailyNotes.xcdatamodel */,
			);
			currentVersion = DC6ED9511D401FFD00AEFECB /* DailyNotes.xcdatamodel */;
			path = DailyNotes.xcdatamodeld;
			sourceTree = "<group>";
			versionGroupType = wrapper.xcdatamodel;
		};
/* End XCVersionGroup section */
	};
	rootObject = DC6ED93E1D401FFC00AEFECB /* Project object */;
}
